
Microsoft Visual Studio Solution File, Format Version 12.00
# Visual Studio Version 17
VisualStudioVersion = 17.10.35122.118
MinimumVisualStudioVersion = 10.0.40219.1
Project("{9A19103F-16F7-4668-BE54-9A1E7A4F7556}") = "精密切割系统", "精密切割系统.csproj", "{A9AB7F1D-E2DB-4722-980C-8025F6E42916}"
EndProject
Global
	GlobalSection(SolutionConfigurationPlatforms) = preSolution
		Debug|Any CPU = Debug|Any CPU
		Debug|x64 = Debug|x64
		Release|Any CPU = Release|Any CPU
		Release|x64 = Release|x64
	EndGlobalSection
	GlobalSection(ProjectConfigurationPlatforms) = postSolution
		{A9AB7F1D-E2DB-4722-980C-8025F6E42916}.Debug|Any CPU.ActiveCfg = Debug|Any CPU
		{A9AB7F1D-E2DB-4722-980C-8025F6E42916}.Debug|Any CPU.Build.0 = Debug|Any CPU
		{A9AB7F1D-E2DB-4722-980C-8025F6E42916}.Debug|x64.ActiveCfg = Debug|x64
		{A9AB7F1D-E2DB-4722-980C-8025F6E42916}.Debug|x64.Build.0 = Debug|x64
		{A9AB7F1D-E2DB-4722-980C-8025F6E42916}.Release|Any CPU.ActiveCfg = Release|Any CPU
		{A9AB7F1D-E2DB-4722-980C-8025F6E42916}.Release|Any CPU.Build.0 = Release|Any CPU
		{A9AB7F1D-E2DB-4722-980C-8025F6E42916}.Release|x64.ActiveCfg = Release|x64
		{A9AB7F1D-E2DB-4722-980C-8025F6E42916}.Release|x64.Build.0 = Release|x64
	EndGlobalSection
	GlobalSection(SolutionProperties) = preSolution
		HideSolutionNode = FALSE
	EndGlobalSection
	GlobalSection(ExtensibilityGlobals) = postSolution
		SolutionGuid = {2AA0192E-7F06-4432-A674-860B39066F82}
	EndGlobalSection
EndGlobal
